
Microsoft Visual Studio Solution File, Format Version 12.00
# Visual Studio 15
VisualStudioVersion = 15.0.28307.572
MinimumVisualStudioVersion = 10.0.40219.1
Project("{FAE04EC0-301F-11D3-BF4B-00C04F79EFBC}") = "CondoEntryLogs", "CondoEntryLogs\CondoEntryLogs.csproj", "{1A415077-4338-4743-BAED-CD3C60147B00}"
EndProject
Global
	GlobalSection(SolutionConfigurationPlatforms) = preSolution
		Debug|Any CPU = Debug|Any CPU
		Release|Any CPU = Release|Any CPU
	EndGlobalSection
	GlobalSection(ProjectConfigurationPlatforms) = postSolution
		{1A415077-4338-4743-BAED-CD3C60147B00}.Debug|Any CPU.ActiveCfg = Debug|Any CPU
		{1A415077-4338-4743-BAED-CD3C60147B00}.Debug|Any CPU.Build.0 = Debug|Any CPU
		{1A415077-4338-4743-BAED-CD3C60147B00}.Release|Any CPU.ActiveCfg = Release|Any CPU
		{1A415077-4338-4743-BAED-CD3C60147B00}.Release|Any CPU.Build.0 = Release|Any CPU
	EndGlobalSection
	GlobalSection(SolutionProperties) = preSolution
		HideSolutionNode = FALSE
	EndGlobalSection
	GlobalSection(ExtensibilityGlobals) = postSolution
		SolutionGuid = {C1021EC9-8DB4-4D89-8AEA-77F0D1538F20}
	EndGlobalSection
EndGlobal
